// !$*UTF8*$!
{
	archiveVersion = 1;
	classes = {
	};
	objectVersion = 46;
	objects = {

/* Begin PBXBuildFile section */
		B753D9601EC075B000310F4A /* main.cpp in Sources */ = {isa = PBXBuildFile; fileRef = B753D95F1EC075B000310F4A /* main.cpp */; };
		B7AF349C1ED2BB09001E0113 /* Node.cpp in Sources */ = {isa = PBXBuildFile; fileRef = B7AF349A1ED2BB09001E0113 /* Node.cpp */; };
		B7AF34A11ED320BD001E0113 /* Data.cpp in Sources */ = {isa = PBXBuildFile; fileRef = B7AF34A01ED320BD001E0113 /* Data.cpp */; };
/* End PBXBuildFile section */

/* Begin PBXCopyFilesBuildPhase section */
		B753D95A1EC075AF00310F4A /* CopyFiles */ = {
			isa = PBXCopyFilesBuildPhase;
			buildActionMask = 2147483647;
			dstPath = /usr/share/man/man1/;
			dstSubfolderSpec = 0;
			files = (
			);
			runOnlyForDeploymentPostprocessing = 1;
		};
/* End PBXCopyFilesBuildPhase section */

/* Begin PBXFileReference section */
		B738EE311EF8BF7C001D9FDC /* dataset.txt */ = {isa = PBXFileReference; fileEncoding = 4; lastKnownFileType = text; path = dataset.txt; sourceTree = "<group>"; };
		B74858591EDD2D92003E78F7 /* test */ = {isa = PBXFileReference; fileEncoding = 4; lastKnownFileType = text; path = test; sourceTree = "<group>"; };
		B748585B1EDF43CA003E78F7 /* Developer */ = {isa = PBXFileReference; lastKnownFileType = folder; name = Developer; path = ../../../../Developer; sourceTree = "<group>"; };
		B74858611EE0F160003E78F7 /* dataset4.txt */ = {isa = PBXFileReference; fileEncoding = 4; lastKnownFileType = text; path = dataset4.txt; sourceTree = "<group>"; };
		B74858621EE0F160003E78F7 /* nnquery4.txt */ = {isa = PBXFileReference; fileEncoding = 4; lastKnownFileType = text; path = nnquery4.txt; sourceTree = "<group>"; };
		B74858631EE0F160003E78F7 /* range4.txt */ = {isa = PBXFileReference; fileEncoding = 4; lastKnownFileType = text; path = range4.txt; sourceTree = "<group>"; };
		B753D95C1EC075B000310F4A /* Assignment1 */ = {isa = PBXFileReference; explicitFileType = "compiled.mach-o.executable"; includeInIndex = 0; path = Assignment1; sourceTree = BUILT_PRODUCTS_DIR; };
		B753D95F1EC075B000310F4A /* main.cpp */ = {isa = PBXFileReference; lastKnownFileType = sourcecode.cpp.cpp; name = main.cpp; path = Assignment1/main.cpp; sourceTree = SOURCE_ROOT; };
		B7AF349A1ED2BB09001E0113 /* Node.cpp */ = {isa = PBXFileReference; fileEncoding = 4; lastKnownFileType = sourcecode.cpp.cpp; path = Node.cpp; sourceTree = "<group>"; };
		B7AF349B1ED2BB09001E0113 /* Node.hpp */ = {isa = PBXFileReference; fileEncoding = 4; lastKnownFileType = sourcecode.cpp.h; path = Node.hpp; sourceTree = "<group>"; };
		B7AF349E1ED30716001E0113 /* Data.hpp */ = {isa = PBXFileReference; fileEncoding = 4; lastKnownFileType = sourcecode.cpp.h; path = Data.hpp; sourceTree = "<group>"; };
		B7AF34A01ED320BD001E0113 /* Data.cpp */ = {isa = PBXFileReference; fileEncoding = 4; lastKnownFileType = sourcecode.cpp.cpp; path = Data.cpp; sourceTree = "<group>"; };
/* End PBXFileReference section */

/* Begin PBXFrameworksBuildPhase section */
		B753D9591EC075AF00310F4A /* Frameworks */ = {
			isa = PBXFrameworksBuildPhase;
			buildActionMask = 2147483647;
			files = (
			);
			runOnlyForDeploymentPostprocessing = 0;
		};
/* End PBXFrameworksBuildPhase section */

/* Begin PBXGroup section */
		B748585A1EDF43CA003E78F7 /* Frameworks */ = {
			isa = PBXGroup;
			children = (
				B748585B1EDF43CA003E78F7 /* Developer */,
			);
			name = Frameworks;
			sourceTree = "<group>";
		};
		B753D9531EC075AF00310F4A = {
			isa = PBXGroup;
			children = (
				B753D95E1EC075B000310F4A /* Assignment1 */,
				B753D95D1EC075B000310F4A /* Products */,
				B748585A1EDF43CA003E78F7 /* Frameworks */,
			);
			sourceTree = "<group>";
		};
		B753D95D1EC075B000310F4A /* Products */ = {
			isa = PBXGroup;
			children = (
				B753D95C1EC075B000310F4A /* Assignment1 */,
			);
			name = Products;
			sourceTree = "<group>";
		};
		B753D95E1EC075B000310F4A /* Assignment1 */ = {
			isa = PBXGroup;
			children = (
				B753D95F1EC075B000310F4A /* main.cpp */,
				B74858611EE0F160003E78F7 /* dataset4.txt */,
				B74858621EE0F160003E78F7 /* nnquery4.txt */,
				B74858631EE0F160003E78F7 /* range4.txt */,
				B7AF349A1ED2BB09001E0113 /* Node.cpp */,
				B738EE311EF8BF7C001D9FDC /* dataset.txt */,
				B7AF349B1ED2BB09001E0113 /* Node.hpp */,
				B7AF349E1ED30716001E0113 /* Data.hpp */,
				B7AF34A01ED320BD001E0113 /* Data.cpp */,
				B74858591EDD2D92003E78F7 /* test */,
			);
			path = Assignment1;
			sourceTree = "<group>";
		};
/* End PBXGroup section */

/* Begin PBXNativeTarget section */
		B753D95B1EC075AF00310F4A /* Assignment1 */ = {
			isa = PBXNativeTarget;
			buildConfigurationList = B753D9631EC075B000310F4A /* Build configuration list for PBXNativeTarget "Assignment1" */;
			buildPhases = (
				B753D9581EC075AF00310F4A /* Sources */,
				B753D9591EC075AF00310F4A /* Frameworks */,
				B753D95A1EC075AF00310F4A /* CopyFiles */,
			);
			buildRules = (
			);
			dependencies = (
			);
			name = Assignment1;
			productName = Assignment1;
			productReference = B753D95C1EC075B000310F4A /* Assignment1 */;
			productType = "com.apple.product-type.tool";
		};
/* End PBXNativeTarget section */

/* Begin PBXProject section */
		B753D9541EC075AF00310F4A /* Project object */ = {
			isa = PBXProject;
			attributes = {
				LastUpgradeCheck = 0820;
				ORGANIZATIONNAME = RemosyXu;
				TargetAttributes = {
					B753D95B1EC075AF00310F4A = {
						CreatedOnToolsVersion = 8.2.1;
						ProvisioningStyle = Automatic;
					};
				};
			};
			buildConfigurationList = B753D9571EC075AF00310F4A /* Build configuration list for PBXProject "Assignment1" */;
			compatibilityVersion = "Xcode 3.2";
			developmentRegion = English;
			hasScannedForEncodings = 0;
			knownRegions = (
				en,
			);
			mainGroup = B753D9531EC075AF00310F4A;
			productRefGroup = B753D95D1EC075B000310F4A /* Products */;
			projectDirPath = "";
			projectRoot = "";
			targets = (
				B753D95B1EC075AF00310F4A /* Assignment1 */,
			);
		};
/* End PBXProject section */

/* Begin PBXSourcesBuildPhase section */
		B753D9581EC075AF00310F4A /* Sources */ = {
			isa = PBXSourcesBuildPhase;
			buildActionMask = 2147483647;
			files = (
				B7AF34A11ED320BD001E0113 /* Data.cpp in Sources */,
				B753D9601EC075B000310F4A /* main.cpp in Sources */,
				B7AF349C1ED2BB09001E0113 /* Node.cpp in Sources */,
			);
			runOnlyForDeploymentPostprocessing = 0;
		};
/* End PBXSourcesBuildPhase section */

/* Begin XCBuildConfiguration section */
		B753D9611EC075B000310F4A /* Debug */ = {
			isa = XCBuildConfiguration;
			buildSettings = {
				ALWAYS_SEARCH_USER_PATHS = NO;
				CLANG_ANALYZER_NONNULL = YES;
				CLANG_CXX_LANGUAGE_STANDARD = "gnu++0x";
				CLANG_CXX_LIBRARY = "libc++";
				CLANG_ENABLE_MODULES = YES;
				CLANG_ENABLE_OBJC_ARC = YES;
				CLANG_WARN_BOOL_CONVERSION = YES;
				CLANG_WARN_CONSTANT_CONVERSION = YES;
				CLANG_WARN_DIRECT_OBJC_ISA_USAGE = YES_ERROR;
				CLANG_WARN_DOCUMENTATION_COMMENTS = YES;
				CLANG_WARN_EMPTY_BODY = YES;
				CLANG_WARN_ENUM_CONVERSION = YES;
				CLANG_WARN_INFINITE_RECURSION = YES;
				CLANG_WARN_INT_CONVERSION = YES;
				CLANG_WARN_OBJC_ROOT_CLASS = YES_ERROR;
				CLANG_WARN_SUSPICIOUS_MOVE = YES;
				CLANG_WARN_UNREACHABLE_CODE = YES;
				CLANG_WARN__DUPLICATE_METHOD_MATCH = YES;
				CODE_SIGN_IDENTITY = "-";
				COPY_PHASE_STRIP = NO;
				DEBUG_INFORMATION_FORMAT = dwarf;
				ENABLE_STRICT_OBJC_MSGSEND = YES;
				ENABLE_TESTABILITY = YES;
				GCC_C_LANGUAGE_STANDARD = gnu99;
				GCC_DYNAMIC_NO_PIC = NO;
				GCC_NO_COMMON_BLOCKS = YES;
				GCC_OPTIMIZATION_LEVEL = 0;
				GCC_PREPROCESSOR_DEFINITIONS = (
					"DEBUG=1",
					"$(inherited)",
				);
				GCC_WARN_64_TO_32_BIT_CONVERSION = YES;
				GCC_WARN_ABOUT_RETURN_TYPE = YES_ERROR;
				GCC_WARN_UNDECLARED_SELECTOR = YES;
				GCC_WARN_UNINITIALIZED_AUTOS = YES_AGGRESSIVE;
				GCC_WARN_UNUSED_FUNCTION = YES;
				GCC_WARN_UNUSED_VARIABLE = YES;
				MACOSX_DEPLOYMENT_TARGET = 10.12;
				MTL_ENABLE_DEBUG_INFO = YES;
				ONLY_ACTIVE_ARCH = YES;
				SDKROOT = macosx;
			};
			name = Debug;
		};
		B753D9621EC075B000310F4A /* Release */ = {
			isa = XCBuildConfiguration;
			buildSettings = {
				ALWAYS_SEARCH_USER_PATHS = NO;
				CLANG_ANALYZER_NONNULL = YES;
				CLANG_CXX_LANGUAGE_STANDARD = "gnu++0x";
				CLANG_CXX_LIBRARY = "libc++";
				CLANG_ENABLE_MODULES = YES;
				CLANG_ENABLE_OBJC_ARC = YES;
				CLANG_WARN_BOOL_CONVERSION = YES;
				CLANG_WARN_CONSTANT_CONVERSION = YES;
				CLANG_WARN_DIRECT_OBJC_ISA_USAGE = YES_ERROR;
				CLANG_WARN_DOCUMENTATION_COMMENTS = YES;
				CLANG_WARN_EMPTY_BODY = YES;
				CLANG_WARN_ENUM_CONVERSION = YES;
				CLANG_WARN_INFINITE_RECURSION = YES;
				CLANG_WARN_INT_CONVERSION = YES;
				CLANG_WARN_OBJC_ROOT_CLASS = YES_ERROR;
				CLANG_WARN_SUSPICIOUS_MOVE = YES;
				CLANG_WARN_UNREACHABLE_CODE = YES;
				CLANG_WARN__DUPLICATE_METHOD_MATCH = YES;
				CODE_SIGN_IDENTITY = "-";
				COPY_PHASE_STRIP = NO;
				DEBUG_INFORMATION_FORMAT = "dwarf-with-dsym";
				ENABLE_NS_ASSERTIONS = NO;
				ENABLE_STRICT_OBJC_MSGSEND = YES;
				GCC_C_LANGUAGE_STANDARD = gnu99;
				GCC_NO_COMMON_BLOCKS = YES;
				GCC_WARN_64_TO_32_BIT_CONVERSION = YES;
				GCC_WARN_ABOUT_RETURN_TYPE = YES_ERROR;
				GCC_WARN_UNDECLARED_SELECTOR = YES;
				GCC_WARN_UNINITIALIZED_AUTOS = YES_AGGRESSIVE;
				GCC_WARN_UNUSED_FUNCTION = YES;
				GCC_WARN_UNUSED_VARIABLE = YES;
				MACOSX_DEPLOYMENT_TARGET = 10.12;
				MTL_ENABLE_DEBUG_INFO = NO;
				SDKROOT = macosx;
			};
			name = Release;
		};
		B753D9641EC075B000310F4A /* Debug */ = {
			isa = XCBuildConfiguration;
			buildSettings = {
				HEADER_SEARCH_PATHS = (
					/usr/local/Cellar/boost/1.64.0_1/include/,
					/usr/local/Cellar/armadillo/7.950.0/include/,
				);
				LIBRARY_SEARCH_PATHS = " /usr/local/lib/";
				PRODUCT_NAME = "$(TARGET_NAME)";
			};
			name = Debug;
		};
		B753D9651EC075B000310F4A /* Release */ = {
			isa = XCBuildConfiguration;
			buildSettings = {
				HEADER_SEARCH_PATHS = (
					/usr/local/Cellar/boost/1.64.0_1/include/,
					/usr/local/Cellar/armadillo/7.950.0/include/,
				);
				LIBRARY_SEARCH_PATHS = " /usr/local/lib/";
				PRODUCT_NAME = "$(TARGET_NAME)";
			};
			name = Release;
		};
/* End XCBuildConfiguration section */

/* Begin XCConfigurationList section */
		B753D9571EC075AF00310F4A /* Build configuration list for PBXProject "Assignment1" */ = {
			isa = XCConfigurationList;
			buildConfigurations = (
				B753D9611EC075B000310F4A /* Debug */,
				B753D9621EC075B000310F4A /* Release */,
			);
			defaultConfigurationIsVisible = 0;
			defaultConfigurationName = Release;
		};
		B753D9631EC075B000310F4A /* Build configuration list for PBXNativeTarget "Assignment1" */ = {
			isa = XCConfigurationList;
			buildConfigurations = (
				B753D9641EC075B000310F4A /* Debug */,
				B753D9651EC075B000310F4A /* Release */,
			);
			defaultConfigurationIsVisible = 0;
			defaultConfigurationName = Release;
		};
/* End XCConfigurationList section */
	};
	rootObject = B753D9541EC075AF00310F4A /* Project object */;
}
